<?xml version="1.0" encoding="utf-8"?>
<Project ToolsVersion="4.0" xmlns="http://schemas.microsoft.com/developer/msbuild/2003">
  <ItemGroup>
    <Filter Include="源文件">
      <UniqueIdentifier>{4FC737F1-C7A5-4376-A066-2A32D752A2FF}</UniqueIdentifier>
      <Extensions>cpp;c;cc;cxx;def;odl;idl;hpj;bat;asm;asmx</Extensions>
    </Filter>
    <Filter Include="头文件">
      <UniqueIdentifier>{93995380-89BD-4b04-88EB-625FBE52EBFB}</UniqueIdentifier>
      <Extensions>h;hh;hpp;hxx;hm;inl;inc;xsd</Extensions>
    </Filter>
    <Filter Include="资源文件">
      <UniqueIdentifier>{67DA6AB6-F800-4c08-8B7A-83BB121AAD01}</UniqueIdentifier>
      <Extensions>rc;ico;cur;bmp;dlg;rc2;rct;bin;rgs;gif;jpg;jpeg;jpe;resx;tiff;tif;png;wav;mfcribbon-ms</Extensions>
    </Filter>
  </ItemGroup>
  <ItemGroup>
    <Text Include="ReadMe.txt" />
  </ItemGroup>
  <ItemGroup>
    <ClInclude Include="stdafx.h">
      <Filter>头文件</Filter>
    </ClInclude>
    <ClInclude Include="targetver.h">
      <Filter>头文件</Filter>
    </ClInclude>
    <ClInclude Include="NNIE_Net.h">
      <Filter>头文件</Filter>
    </ClInclude>
    <ClInclude Include="FCW_NET.h">
      <Filter>头文件</Filter>
    </ClInclude>
    <ClInclude Include="POSE_NET.h">
      <Filter>头文件</Filter>
    </ClInclude>
    <ClInclude Include="Classificacion_Net.h">
      <Filter>头文件</Filter>
    </ClInclude>
    <ClInclude Include="MT_P_NET.h">
      <Filter>头文件</Filter>
    </ClInclude>
    <ClInclude Include="MT_O_NET.h">
      <Filter>头文件</Filter>
    </ClInclude>
    <ClInclude Include="MarsFace.h">
      <Filter>头文件</Filter>
    </ClInclude>
    <ClInclude Include="LandMark_Net.h">
      <Filter>头文件</Filter>
    </ClInclude>
    <ClInclude Include="nnie_sys.h">
      <Filter>头文件</Filter>
    </ClInclude>
  </ItemGroup>
  <ItemGroup>
    <ClCompile Include="stdafx.cpp">
      <Filter>源文件</Filter>
    </ClCompile>
    <ClCompile Include="NNIE_BOARD.cpp">
      <Filter>源文件</Filter>
    </ClCompile>
    <ClCompile Include="NNIE_Net.cpp">
      <Filter>源文件</Filter>
    </ClCompile>
    <ClCompile Include="nnie_sys.cpp">
      <Filter>源文件</Filter>
    </ClCompile>
    <ClCompile Include="FCW_NET.cpp">
      <Filter>源文件</Filter>
    </ClCompile>
    <ClCompile Include="nms.cpp">
      <Filter>源文件</Filter>
    </ClCompile>
    <ClCompile Include="POSE_NET.cpp">
      <Filter>源文件</Filter>
    </ClCompile>
    <ClCompile Include="Classificacion_Net.cpp">
      <Filter>源文件</Filter>
    </ClCompile>
    <ClCompile Include="MT_P_NET.cpp">
      <Filter>源文件</Filter>
    </ClCompile>
    <ClCompile Include="MT_O_NET.cpp">
      <Filter>源文件</Filter>
    </ClCompile>
    <ClCompile Include="MarsFace.cpp">
      <Filter>源文件</Filter>
    </ClCompile>
    <ClCompile Include="LandMark_Net.cpp">
      <Filter>源文件</Filter>
    </ClCompile>
  </ItemGroup>
</Project>